Microsoft Visual Studio Solution File, Format Version 12.00
# Visual Studio Version 17
VisualStudioVersion = 17.0.31903.59
MinimumVisualStudioVersion = 10.0.40219.1
Project("{9A19103F-16F7-4668-BE54-9A1E7A4F7556}") = "IX.StandardExtensions", "IX.StandardExtensions\IX.StandardExtensions.csproj", "{A3D15D3A-BD82-4D19-BC32-56148D879FF4}"
EndProject
Project("{2150E333-8FDC-42A3-9474-1A3956D46DE8}") = "Solution Items", "Solution Items", "{5E05B9C5-6765-44FC-8A6E-BEE018BDEA9B}"
	ProjectSection(SolutionItems) = preProject
		.editorconfig = .editorconfig
		..\azure-pipelines.yml = ..\azure-pipelines.yml
	EndProjectSection
EndProject
Project("{2150E333-8FDC-42A3-9474-1A3956D46DE8}") = "GitHub Documentation", "GitHub Documentation", "{CF1DED9F-4975-4D48-91D3-0FA13BBC9EBD}"
	ProjectSection(SolutionItems) = preProject
		..\README.md = ..\README.md
	EndProjectSection
EndProject
Project("{2150E333-8FDC-42A3-9474-1A3956D46DE8}") = "Tests", "Tests", "{B5529E7C-26C5-4A91-BA0E-EDEA9D367DA3}"
EndProject
Project("{9A19103F-16F7-4668-BE54-9A1E7A4F7556}") = "IX.UnitTests", "IX.UnitTests\IX.UnitTests.csproj", "{EE8BE730-7219-4FE1-B975-248FB6255DB1}"
EndProject
Project("{9A19103F-16F7-4668-BE54-9A1E7A4F7556}") = "IX.StandardExtensions.RestSharp", "IX.StandardExtensions.RestSharp\IX.StandardExtensions.RestSharp.csproj", "{E104F224-387B-4132-AFB4-B36FB44B7CD6}"
EndProject
Project("{9A19103F-16F7-4668-BE54-9A1E7A4F7556}") = "IX.Math", "IX.Math\IX.Math.csproj", "{FEFC8340-1A63-4031-AF50-D080373C686B}"
EndProject
Global
	GlobalSection(SolutionConfigurationPlatforms) = preSolution
		Debug|Any CPU = Debug|Any CPU
		Release|Any CPU = Release|Any CPU
	EndGlobalSection
	GlobalSection(ProjectConfigurationPlatforms) = postSolution
		{A3D15D3A-BD82-4D19-BC32-56148D879FF4}.Debug|Any CPU.ActiveCfg = Debug|Any CPU
		{A3D15D3A-BD82-4D19-BC32-56148D879FF4}.Debug|Any CPU.Build.0 = Debug|Any CPU
		{A3D15D3A-BD82-4D19-BC32-56148D879FF4}.Release|Any CPU.ActiveCfg = Release|Any CPU
		{A3D15D3A-BD82-4D19-BC32-56148D879FF4}.Release|Any CPU.Build.0 = Release|Any CPU
		{EE8BE730-7219-4FE1-B975-248FB6255DB1}.Debug|Any CPU.ActiveCfg = Debug|Any CPU
		{EE8BE730-7219-4FE1-B975-248FB6255DB1}.Debug|Any CPU.Build.0 = Debug|Any CPU
		{EE8BE730-7219-4FE1-B975-248FB6255DB1}.Release|Any CPU.ActiveCfg = Release|Any CPU
		{EE8BE730-7219-4FE1-B975-248FB6255DB1}.Release|Any CPU.Build.0 = Release|Any CPU
		{E104F224-387B-4132-AFB4-B36FB44B7CD6}.Debug|Any CPU.ActiveCfg = Debug|Any CPU
		{E104F224-387B-4132-AFB4-B36FB44B7CD6}.Debug|Any CPU.Build.0 = Debug|Any CPU
		{E104F224-387B-4132-AFB4-B36FB44B7CD6}.Release|Any CPU.ActiveCfg = Release|Any CPU
		{E104F224-387B-4132-AFB4-B36FB44B7CD6}.Release|Any CPU.Build.0 = Release|Any CPU
		{FEFC8340-1A63-4031-AF50-D080373C686B}.Debug|Any CPU.ActiveCfg = Debug|Any CPU
		{FEFC8340-1A63-4031-AF50-D080373C686B}.Debug|Any CPU.Build.0 = Debug|Any CPU
		{FEFC8340-1A63-4031-AF50-D080373C686B}.Release|Any CPU.ActiveCfg = Release|Any CPU
		{FEFC8340-1A63-4031-AF50-D080373C686B}.Release|Any CPU.Build.0 = Release|Any CPU
	EndGlobalSection
	GlobalSection(SolutionProperties) = preSolution
		HideSolutionNode = FALSE
	EndGlobalSection
	GlobalSection(NestedProjects) = preSolution
		{EE8BE730-7219-4FE1-B975-248FB6255DB1} = {B5529E7C-26C5-4A91-BA0E-EDEA9D367DA3}
	EndGlobalSection
	GlobalSection(ExtensibilityGlobals) = postSolution
		SolutionGuid = {E982D088-16DA-46BF-A043-B1326577DB77}
	EndGlobalSection
EndGlobal
